<?xml version="1.0" encoding="utf-8"?>
<Project ToolsVersion="4.0" xmlns="http://schemas.microsoft.com/developer/msbuild/2003">
  <ItemGroup>
    <Filter Include="Source files">
      <UniqueIdentifier>{0d8c7705-5a2d-46e5-b326-9e98fa12d730}</UniqueIdentifier>
      <Extensions>cpp;c;cc;cxx;def;odl;idl;hpj;bat;asm;asmx</Extensions>
    </Filter>
    <Filter Include="Resource files">
      <UniqueIdentifier>{36332816-74d6-4b16-a7ae-038556679185}</UniqueIdentifier>
      <Extensions>rc;ico;cur;bmp;dlg;rc2;rct;bin;rgs;gif;jpg;jpeg;jpe;resx;tiff;tif;png;wav</Extensions>
    </Filter>
    <Filter Include="Header files">
      <UniqueIdentifier>{27fbbd01-5b8a-4e04-b009-f79d7daa8a76}</UniqueIdentifier>
      <Extensions>h;hpp;hxx;hm;inl;inc;xsd</Extensions>
    </Filter>
  </ItemGroup>
  <ItemGroup>
    <ClCompile Include="src\bitmap.cpp">
      <Filter>Source files</Filter>
    </ClCompile>
    <ClCompile Include="src\dllExports.cpp">
      <Filter>Source files</Filter>
    </ClCompile>
    <ClCompile Include="src\ntspl.cpp">
      <Filter>Source files</Filter>
    </ClCompile>
    <ClCompile Include="src\paper.cpp">
      <Filter>Source files</Filter>
    </ClCompile>
    <ClCompile Include="src\vphelper.cpp">
      <Filter>Source files</Filter>
    </ClCompile>
    <ClCompile Include="src\vpui.cpp">
      <Filter>Source files</Filter>
    </ClCompile>
  </ItemGroup>
  <ItemGroup>
    <ResourceCompile Include="src\plotui.rc">
      <Filter>Resource files</Filter>
    </ResourceCompile>
  </ItemGroup>
  <ItemGroup>
    <ClInclude Include="inc\precomp.h">
      <Filter>Header files</Filter>
    </ClInclude>
    <ClInclude Include="inc\resourceui.h">
      <Filter>Header files</Filter>
    </ClInclude>
    <ClInclude Include="inc\vphelper.h">
      <Filter>Header files</Filter>
    </ClInclude>
    <ClInclude Include="inc\vpui.h">
      <Filter>Header files</Filter>
    </ClInclude>
  </ItemGroup>
  <ItemGroup>
    <None Include="src\makefile" />
    <None Include="src\makefile.inc">
      <Filter>Header files</Filter>
    </None>
    <None Include="src\sources" />
    <None Include="src\vpdui.def">
      <Filter>Source files</Filter>
    </None>
  </ItemGroup>
</Project>